
Microsoft Visual Studio Solution File, Format Version 12.00
# Visual Studio Version 16
VisualStudioVersion = 16.0.31911.196
MinimumVisualStudioVersion = 10.0.40219.1
Project("{FAE04EC0-301F-11D3-BF4B-00C04F79EFBC}") = "CNPM", "CNPM.csproj", "{1C034CEF-2F42-4D1F-8597-D889A7159ED8}"
EndProject
Global
	GlobalSection(SolutionConfigurationPlatforms) = preSolution
		Debug|Any CPU = Debug|Any CPU
		Release|Any CPU = Release|Any CPU
	EndGlobalSection
	GlobalSection(ProjectConfigurationPlatforms) = postSolution
		{1C034CEF-2F42-4D1F-8597-D889A7159ED8}.Debug|Any CPU.ActiveCfg = Debug|Any CPU
		{1C034CEF-2F42-4D1F-8597-D889A7159ED8}.Debug|Any CPU.Build.0 = Debug|Any CPU
		{1C034CEF-2F42-4D1F-8597-D889A7159ED8}.Release|Any CPU.ActiveCfg = Release|Any CPU
		{1C034CEF-2F42-4D1F-8597-D889A7159ED8}.Release|Any CPU.Build.0 = Release|Any CPU
	EndGlobalSection
	GlobalSection(SolutionProperties) = preSolution
		HideSolutionNode = FALSE
	EndGlobalSection
	GlobalSection(ExtensibilityGlobals) = postSolution
		SolutionGuid = {555062E6-AE80-498A-A4B2-5794CA7A008E}
	EndGlobalSection
EndGlobal
